// !$*UTF8*$!
{
	archiveVersion = 1;
	classes = {
	};
	objectVersion = 46;
	objects = {

/* Begin PBXBuildFile section */
		45DB2D001A7EAAB80016E515 /* AppDelegate.swift in Sources */ = {isa = PBXBuildFile; fileRef = 45DB2CFF1A7EAAB80016E515 /* AppDelegate.swift */; };
		45DB2D021A7EAAB80016E515 /* ViewController.swift in Sources */ = {isa = PBXBuildFile; fileRef = 45DB2D011A7EAAB80016E515 /* ViewController.swift */; };
		45DB2D051A7EAAB80016E515 /* Main.storyboard in Resources */ = {isa = PBXBuildFile; fileRef = 45DB2D031A7EAAB80016E515 /* Main.storyboard */; };
		45DB2D071A7EAAB80016E515 /* Images.xcassets in Resources */ = {isa = PBXBuildFile; fileRef = 45DB2D061A7EAAB80016E515 /* Images.xcassets */; };
		45DB2D0A1A7EAAB80016E515 /* LaunchScreen.xib in Resources */ = {isa = PBXBuildFile; fileRef = 45DB2D081A7EAAB80016E515 /* LaunchScreen.xib */; };
		45DB2D161A7EAAB80016E515 /* MyFirstAppTests.swift in Sources */ = {isa = PBXBuildFile; fileRef = 45DB2D151A7EAAB80016E515 /* MyFirstAppTests.swift */; };
/* End PBXBuildFile section */

/* Begin PBXContainerItemProxy section */
		45DB2D101A7EAAB80016E515 /* PBXContainerItemProxy */ = {
			isa = PBXContainerItemProxy;
			containerPortal = 45DB2CF21A7EAAB80016E515 /* Project object */;
			proxyType = 1;
			remoteGlobalIDString = 45DB2CF91A7EAAB80016E515;
			remoteInfo = MyFirstApp;
		};
/* End PBXContainerItemProxy section */

/* Begin PBXFileReference section */
		45C553C31A8BCBF2003ED07C /* en */ = {isa = PBXFileReference; lastKnownFileType = text.plist.strings; name = en; path = en.lproj/Main.strings; sourceTree = "<group>"; };
		45DB2CFA1A7EAAB80016E515 /* MyFirstApp.app */ = {isa = PBXFileReference; explicitFileType = wrapper.application; includeInIndex = 0; path = MyFirstApp.app; sourceTree = BUILT_PRODUCTS_DIR; };
		45DB2CFE1A7EAAB80016E515 /* Info.plist */ = {isa = PBXFileReference; lastKnownFileType = text.plist.xml; path = Info.plist; sourceTree = "<group>"; };
		45DB2CFF1A7EAAB80016E515 /* AppDelegate.swift */ = {isa = PBXFileReference; lastKnownFileType = sourcecode.swift; path = AppDelegate.swift; sourceTree = "<group>"; };
		45DB2D011A7EAAB80016E515 /* ViewController.swift */ = {isa = PBXFileReference; lastKnownFileType = sourcecode.swift; path = ViewController.swift; sourceTree = "<group>"; };
		45DB2D041A7EAAB80016E515 /* Base */ = {isa = PBXFileReference; lastKnownFileType = file.storyboard; name = Base; path = Base.lproj/Main.storyboard; sourceTree = "<group>"; };
		45DB2D061A7EAAB80016E515 /* Images.xcassets */ = {isa = PBXFileReference; lastKnownFileType = folder.assetcatalog; path = Images.xcassets; sourceTree = "<group>"; };
		45DB2D091A7EAAB80016E515 /* Base */ = {isa = PBXFileReference; lastKnownFileType = file.xib; name = Base; path = Base.lproj/LaunchScreen.xib; sourceTree = "<group>"; };
		45DB2D0F1A7EAAB80016E515 /* MyFirstAppTests.xctest */ = {isa = PBXFileReference; explicitFileType = wrapper.cfbundle; includeInIndex = 0; path = MyFirstAppTests.xctest; sourceTree = BUILT_PRODUCTS_DIR; };
		45DB2D141A7EAAB80016E515 /* Info.plist */ = {isa = PBXFileReference; lastKnownFileType = text.plist.xml; path = Info.plist; sourceTree = "<group>"; };
		45DB2D151A7EAAB80016E515 /* MyFirstAppTests.swift */ = {isa = PBXFileReference; lastKnownFileType = sourcecode.swift; path = MyFirstAppTests.swift; sourceTree = "<group>"; };
/* End PBXFileReference section */

/* Begin PBXFrameworksBuildPhase section */
		45DB2CF71A7EAAB80016E515 /* Frameworks */ = {
			isa = PBXFrameworksBuildPhase;
			buildActionMask = 2147483647;
			files = (
			);
			runOnlyForDeploymentPostprocessing = 0;
		};
		45DB2D0C1A7EAAB80016E515 /* Frameworks */ = {
			isa = PBXFrameworksBuildPhase;
			buildActionMask = 2147483647;
			files = (
			);
			runOnlyForDeploymentPostprocessing = 0;
		};
/* End PBXFrameworksBuildPhase section */

/* Begin PBXGroup section */
		45DB2CF11A7EAAB80016E515 = {
			isa = PBXGroup;
			children = (
				45DB2CFC1A7EAAB80016E515 /* MyFirstApp */,
				45DB2D121A7EAAB80016E515 /* MyFirstAppTests */,
				45DB2CFB1A7EAAB80016E515 /* Products */,
			);
			sourceTree = "<group>";
		};
		45DB2CFB1A7EAAB80016E515 /* Products */ = {
			isa = PBXGroup;
			children = (
				45DB2CFA1A7EAAB80016E515 /* MyFirstApp.app */,
				45DB2D0F1A7EAAB80016E515 /* MyFirstAppTests.xctest */,
			);
			name = Products;
			sourceTree = "<group>";
		};
		45DB2CFC1A7EAAB80016E515 /* MyFirstApp */ = {
			isa = PBXGroup;
			children = (
				45DB2CFF1A7EAAB80016E515 /* AppDelegate.swift */,
				45DB2D011A7EAAB80016E515 /* ViewController.swift */,
				45DB2D031A7EAAB80016E515 /* Main.storyboard */,
				45DB2D061A7EAAB80016E515 /* Images.xcassets */,
				45DB2D081A7EAAB80016E515 /* LaunchScreen.xib */,
				45DB2CFD1A7EAAB80016E515 /* Supporting Files */,
			);
			path = MyFirstApp;
			sourceTree = "<group>";
		};
		45DB2CFD1A7EAAB80016E515 /* Supporting Files */ = {
			isa = PBXGroup;
			children = (
				45DB2CFE1A7EAAB80016E515 /* Info.plist */,
			);
			name = "Supporting Files";
			sourceTree = "<group>";
		};
		45DB2D121A7EAAB80016E515 /* MyFirstAppTests */ = {
			isa = PBXGroup;
			children = (
				45DB2D151A7EAAB80016E515 /* MyFirstAppTests.swift */,
				45DB2D131A7EAAB80016E515 /* Supporting Files */,
			);
			path = MyFirstAppTests;
			sourceTree = "<group>";
		};
		45DB2D131A7EAAB80016E515 /* Supporting Files */ = {
			isa = PBXGroup;
			children = (
				45DB2D141A7EAAB80016E515 /* Info.plist */,
			);
			name = "Supporting Files";
			sourceTree = "<group>";
		};
/* End PBXGroup section */

/* Begin PBXNativeTarget section */
		45DB2CF91A7EAAB80016E515 /* MyFirstApp */ = {
			isa = PBXNativeTarget;
			buildConfigurationList = 45DB2D191A7EAAB80016E515 /* Build configuration list for PBXNativeTarget "MyFirstApp" */;
			buildPhases = (
				45DB2CF61A7EAAB80016E515 /* Sources */,
				45DB2CF71A7EAAB80016E515 /* Frameworks */,
				45DB2CF81A7EAAB80016E515 /* Resources */,
			);
			buildRules = (
			);
			dependencies = (
			);
			name = MyFirstApp;
			productName = MyFirstApp;
			productReference = 45DB2CFA1A7EAAB80016E515 /* MyFirstApp.app */;
			productType = "com.apple.product-type.application";
		};
		45DB2D0E1A7EAAB80016E515 /* MyFirstAppTests */ = {
			isa = PBXNativeTarget;
			buildConfigurationList = 45DB2D1C1A7EAAB80016E515 /* Build configuration list for PBXNativeTarget "MyFirstAppTests" */;
			buildPhases = (
				45DB2D0B1A7EAAB80016E515 /* Sources */,
				45DB2D0C1A7EAAB80016E515 /* Frameworks */,
				45DB2D0D1A7EAAB80016E515 /* Resources */,
			);
			buildRules = (
			);
			dependencies = (
				45DB2D111A7EAAB80016E515 /* PBXTargetDependency */,
			);
			name = MyFirstAppTests;
			productName = MyFirstAppTests;
			productReference = 45DB2D0F1A7EAAB80016E515 /* MyFirstAppTests.xctest */;
			productType = "com.apple.product-type.bundle.unit-test";
		};
/* End PBXNativeTarget section */

/* Begin PBXProject section */
		45DB2CF21A7EAAB80016E515 /* Project object */ = {
			isa = PBXProject;
			attributes = {
				LastUpgradeCheck = 0610;
				ORGANIZATIONNAME = "erwann chable de la heronniere";
				TargetAttributes = {
					45DB2CF91A7EAAB80016E515 = {
						CreatedOnToolsVersion = 6.1.1;
					};
					45DB2D0E1A7EAAB80016E515 = {
						CreatedOnToolsVersion = 6.1.1;
						TestTargetID = 45DB2CF91A7EAAB80016E515;
					};
				};
			};
			buildConfigurationList = 45DB2CF51A7EAAB80016E515 /* Build configuration list for PBXProject "MyFirstApp" */;
			compatibilityVersion = "Xcode 3.2";
			developmentRegion = English;
			hasScannedForEncodings = 0;
			knownRegions = (
				en,
				Base,
			);
			mainGroup = 45DB2CF11A7EAAB80016E515;
			productRefGroup = 45DB2CFB1A7EAAB80016E515 /* Products */;
			projectDirPath = "";
			projectRoot = "";
			targets = (
				45DB2CF91A7EAAB80016E515 /* MyFirstApp */,
				45DB2D0E1A7EAAB80016E515 /* MyFirstAppTests */,
			);
		};
/* End PBXProject section */

/* Begin PBXResourcesBuildPhase section */
		45DB2CF81A7EAAB80016E515 /* Resources */ = {
			isa = PBXResourcesBuildPhase;
			buildActionMask = 2147483647;
			files = (
				45DB2D051A7EAAB80016E515 /* Main.storyboard in Resources */,
				45DB2D0A1A7EAAB80016E515 /* LaunchScreen.xib in Resources */,
				45DB2D071A7EAAB80016E515 /* Images.xcassets in Resources */,
			);
			runOnlyForDeploymentPostprocessing = 0;
		};
		45DB2D0D1A7EAAB80016E515 /* Resources */ = {
			isa = PBXResourcesBuildPhase;
			buildActionMask = 2147483647;
			files = (
			);
			runOnlyForDeploymentPostprocessing = 0;
		};
/* End PBXResourcesBuildPhase section */

/* Begin PBXSourcesBuildPhase section */
		45DB2CF61A7EAAB80016E515 /* Sources */ = {
			isa = PBXSourcesBuildPhase;
			buildActionMask = 2147483647;
			files = (
				45DB2D021A7EAAB80016E515 /* ViewController.swift in Sources */,
				45DB2D001A7EAAB80016E515 /* AppDelegate.swift in Sources */,
			);
			runOnlyForDeploymentPostprocessing = 0;
		};
		45DB2D0B1A7EAAB80016E515 /* Sources */ = {
			isa = PBXSourcesBuildPhase;
			buildActionMask = 2147483647;
			files = (
				45DB2D161A7EAAB80016E515 /* MyFirstAppTests.swift in Sources */,
			);
			runOnlyForDeploymentPostprocessing = 0;
		};
/* End PBXSourcesBuildPhase section */

/* Begin PBXTargetDependency section */
		45DB2D111A7EAAB80016E515 /* PBXTargetDependency */ = {
			isa = PBXTargetDependency;
			target = 45DB2CF91A7EAAB80016E515 /* MyFirstApp */;
			targetProxy = 45DB2D101A7EAAB80016E515 /* PBXContainerItemProxy */;
		};
/* End PBXTargetDependency section */

/* Begin PBXVariantGroup section */
		45DB2D031A7EAAB80016E515 /* Main.storyboard */ = {
			isa = PBXVariantGroup;
			children = (
				45DB2D041A7EAAB80016E515 /* Base */,
				45C553C31A8BCBF2003ED07C /* en */,
			);
			name = Main.storyboard;
			sourceTree = "<group>";
		};
		45DB2D081A7EAAB80016E515 /* LaunchScreen.xib */ = {
			isa = PBXVariantGroup;
			children = (
				45DB2D091A7EAAB80016E515 /* Base */,
			);
			name = LaunchScreen.xib;
			sourceTree = "<group>";
		};
/* End PBXVariantGroup section */

/* Begin XCBuildConfiguration section */
		45DB2D171A7EAAB80016E515 /* Debug */ = {
			isa = XCBuildConfiguration;
			buildSettings = {
				ALWAYS_SEARCH_USER_PATHS = NO;
				CLANG_CXX_LANGUAGE_STANDARD = "gnu++0x";
				CLANG_CXX_LIBRARY = "libc++";
				CLANG_ENABLE_MODULES = YES;
				CLANG_ENABLE_OBJC_ARC = YES;
				CLANG_WARN_BOOL_CONVERSION = YES;
				CLANG_WARN_CONSTANT_CONVERSION = YES;
				CLANG_WARN_DIRECT_OBJC_ISA_USAGE = YES_ERROR;
				CLANG_WARN_EMPTY_BODY = YES;
				CLANG_WARN_ENUM_CONVERSION = YES;
				CLANG_WARN_INT_CONVERSION = YES;
				CLANG_WARN_OBJC_ROOT_CLASS = YES_ERROR;
				CLANG_WARN_UNREACHABLE_CODE = YES;
				CLANG_WARN__DUPLICATE_METHOD_MATCH = YES;
				"CODE_SIGN_IDENTITY[sdk=iphoneos*]" = "iPhone Developer";
				COPY_PHASE_STRIP = NO;
				ENABLE_STRICT_OBJC_MSGSEND = YES;
				GCC_C_LANGUAGE_STANDARD = gnu99;
				GCC_DYNAMIC_NO_PIC = NO;
				GCC_OPTIMIZATION_LEVEL = 0;
				GCC_PREPROCESSOR_DEFINITIONS = (
					"DEBUG=1",
					"$(inherited)",
				);
				GCC_SYMBOLS_PRIVATE_EXTERN = NO;
				GCC_WARN_64_TO_32_BIT_CONVERSION = YES;
				GCC_WARN_ABOUT_RETURN_TYPE = YES_ERROR;
				GCC_WARN_UNDECLARED_SELECTOR = YES;
				GCC_WARN_UNINITIALIZED_AUTOS = YES_AGGRESSIVE;
				GCC_WARN_UNUSED_FUNCTION = YES;
				GCC_WARN_UNUSED_VARIABLE = YES;
				IPHONEOS_DEPLOYMENT_TARGET = 8.1;
				MTL_ENABLE_DEBUG_INFO = YES;
				ONLY_ACTIVE_ARCH = YES;
				SDKROOT = iphoneos;
				SWIFT_OPTIMIZATION_LEVEL = "-Onone";
				TARGETED_DEVICE_FAMILY = "1,2";
			};
			name = Debug;
		};
		45DB2D181A7EAAB80016E515 /* Release */ = {
			isa = XCBuildConfiguration;
			buildSettings = {
				ALWAYS_SEARCH_USER_PATHS = NO;
				CLANG_CXX_LANGUAGE_STANDARD = "gnu++0x";
				CLANG_CXX_LIBRARY = "libc++";
				CLANG_ENABLE_MODULES = YES;
				CLANG_ENABLE_OBJC_ARC = YES;
				CLANG_WARN_BOOL_CONVERSION = YES;
				CLANG_WARN_CONSTANT_CONVERSION = YES;
				CLANG_WARN_DIRECT_OBJC_ISA_USAGE = YES_ERROR;
				CLANG_WARN_EMPTY_BODY = YES;
				CLANG_WARN_ENUM_CONVERSION = YES;
				CLANG_WARN_INT_CONVERSION = YES;
				CLANG_WARN_OBJC_ROOT_CLASS = YES_ERROR;
				CLANG_WARN_UNREACHABLE_CODE = YES;
				CLANG_WARN__DUPLICATE_METHOD_MATCH = YES;
				"CODE_SIGN_IDENTITY[sdk=iphoneos*]" = "iPhone Developer";
				COPY_PHASE_STRIP = YES;
				ENABLE_NS_ASSERTIONS = NO;
				ENABLE_STRICT_OBJC_MSGSEND = YES;
				GCC_C_LANGUAGE_STANDARD = gnu99;
				GCC_WARN_64_TO_32_BIT_CONVERSION = YES;
				GCC_WARN_ABOUT_RETURN_TYPE = YES_ERROR;
				GCC_WARN_UNDECLARED_SELECTOR = YES;
				GCC_WARN_UNINITIALIZED_AUTOS = YES_AGGRESSIVE;
				GCC_WARN_UNUSED_FUNCTION = YES;
				GCC_WARN_UNUSED_VARIABLE = YES;
				IPHONEOS_DEPLOYMENT_TARGET = 8.1;
				MTL_ENABLE_DEBUG_INFO = NO;
				SDKROOT = iphoneos;
				TARGETED_DEVICE_FAMILY = "1,2";
				VALIDATE_PRODUCT = YES;
			};
			name = Release;
		};
		45DB2D1A1A7EAAB80016E515 /* Debug */ = {
			isa = XCBuildConfiguration;
			buildSettings = {
				ASSETCATALOG_COMPILER_APPICON_NAME = AppIcon;
				INFOPLIST_FILE = MyFirstApp/Info.plist;
				LD_RUNPATH_SEARCH_PATHS = "$(inherited) @executable_path/Frameworks";
				PRODUCT_NAME = "$(TARGET_NAME)";
			};
			name = Debug;
		};
		45DB2D1B1A7EAAB80016E515 /* Release */ = {
			isa = XCBuildConfiguration;
			buildSettings = {
				ASSETCATALOG_COMPILER_APPICON_NAME = AppIcon;
				INFOPLIST_FILE = MyFirstApp/Info.plist;
				LD_RUNPATH_SEARCH_PATHS = "$(inherited) @executable_path/Frameworks";
				PRODUCT_NAME = "$(TARGET_NAME)";
			};
			name = Release;
		};
		45DB2D1D1A7EAAB80016E515 /* Debug */ = {
			isa = XCBuildConfiguration;
			buildSettings = {
				BUNDLE_LOADER = "$(TEST_HOST)";
				FRAMEWORK_SEARCH_PATHS = (
					"$(SDKROOT)/Developer/Library/Frameworks",
					"$(inherited)",
				);
				GCC_PREPROCESSOR_DEFINITIONS = (
					"DEBUG=1",
					"$(inherited)",
				);
				INFOPLIST_FILE = MyFirstAppTests/Info.plist;
				LD_RUNPATH_SEARCH_PATHS = "$(inherited) @executable_path/Frameworks @loader_path/Frameworks";
				PRODUCT_NAME = "$(TARGET_NAME)";
				TEST_HOST = "$(BUILT_PRODUCTS_DIR)/MyFirstApp.app/MyFirstApp";
			};
			name = Debug;
		};
		45DB2D1E1A7EAAB80016E515 /* Release */ = {
			isa = XCBuildConfiguration;
			buildSettings = {
				BUNDLE_LOADER = "$(TEST_HOST)";
				FRAMEWORK_SEARCH_PATHS = (
					"$(SDKROOT)/Developer/Library/Frameworks",
					"$(inherited)",
				);
				INFOPLIST_FILE = MyFirstAppTests/Info.plist;
				LD_RUNPATH_SEARCH_PATHS = "$(inherited) @executable_path/Frameworks @loader_path/Frameworks";
				PRODUCT_NAME = "$(TARGET_NAME)";
				TEST_HOST = "$(BUILT_PRODUCTS_DIR)/MyFirstApp.app/MyFirstApp";
			};
			name = Release;
		};
/* End XCBuildConfiguration section */

/* Begin XCConfigurationList section */
		45DB2CF51A7EAAB80016E515 /* Build configuration list for PBXProject "MyFirstApp" */ = {
			isa = XCConfigurationList;
			buildConfigurations = (
				45DB2D171A7EAAB80016E515 /* Debug */,
				45DB2D181A7EAAB80016E515 /* Release */,
			);
			defaultConfigurationIsVisible = 0;
			defaultConfigurationName = Release;
		};
		45DB2D191A7EAAB80016E515 /* Build configuration list for PBXNativeTarget "MyFirstApp" */ = {
			isa = XCConfigurationList;
			buildConfigurations = (
				45DB2D1A1A7EAAB80016E515 /* Debug */,
				45DB2D1B1A7EAAB80016E515 /* Release */,
			);
			defaultConfigurationIsVisible = 0;
			defaultConfigurationName = Release;
		};
		45DB2D1C1A7EAAB80016E515 /* Build configuration list for PBXNativeTarget "MyFirstAppTests" */ = {
			isa = XCConfigurationList;
			buildConfigurations = (
				45DB2D1D1A7EAAB80016E515 /* Debug */,
				45DB2D1E1A7EAAB80016E515 /* Release */,
			);
			defaultConfigurationIsVisible = 0;
			defaultConfigurationName = Release;
		};
/* End XCConfigurationList section */
	};
	rootObject = 45DB2CF21A7EAAB80016E515 /* Project object */;
}
